github.com/Zyko0/purego-gen v0.0.0-20250215180847-b464f8debea4 h1:QYsc7R7fu3KANEKwo7txwO5oZzn8fCEGizY9i2HYJD8=
github.com/Zyko0/purego-gen v0.0.0-20250215180847-b464f8debea4/go.mod h1:yJn8avSZmgophSwHMUDhlEIzdkB9uUTEctszmQmjxDo=
github.com/Zyko0/purego-gen v0.0.0-20250215183732-54e37a740c0c h1:/rmS42IrYPtCwn2W8viHmd0j8e1pQ5HHKqsBZR+1jBA=
github.com/Zyko0/purego-gen v0.0.0-20250215183732-54e37a740c0c/go.mod h1:yJn8avSZmgophSwHMUDhlEIzdkB9uUTEctszmQmjxDo=
github.com/Zyko0/purego-gen v0.0.0-20250217230141-c752cce82336 h1:ixEhUXV50zGYqU6AK2hxCEgbsKWYMNMbSuyUntmsE8c=
github.com/Zyko0/purego-gen v0.0.0-20250217230141-c752cce82336/go.mod h1:yJn8avSZmgophSwHMUDhlEIzdkB9uUTEctszmQmjxDo=
github.com/Zyko0/purego-gen v0.0.0-20250308152853-097c3ba1e28a h1:N5RnQ3/z1/HjCivGNfRbID/3QreOQ6Dulr3FAOgULqc=
github.com/Zyko0/purego-gen v0.0.0-20250308152853-097c3ba1e28a/go.mod h1:yJn8avSZmgophSwHMUDhlEIzdkB9uUTEctszmQmjxDo=
github.com/dave/jennifer v1.7.0 h1:uRbSBH9UTS64yXbh4FrMHfgfY762RD+C7bUPKODpSJE=
github.com/dave/jennifer v1.7.0/go.mod h1:nXbxhEmQfOZhWml3D1cDK5M1FLnMSozpbFN/m3RmGZc=
github.com/ebitengine/purego v0.9.0-alpha.2.0.20250124174847-29f0104e3c2b h1:/KAOJuXR4cWaQIiA9xBMDSQJ1JXq5gZHdSK8prrtUqQ=
github.com/ebitengine/purego v0.9.0-alpha.2.0.20250124174847-29f0104e3c2b/go.mod h1:iIjxzd6CiRiOG0UyXP+V1+jWqUXVjPKLAI0mRfJZTmQ=
golang.org/x/sys v0.7.0 h1:3jlCCIQZPdOYu1h8BkNvLz8Kgwtae2cagcG/VamtZRU=
golang.org/x/sys v0.7.0/go.mod h1:oPkhp1MJrh7nUepCBck5+mAzfO9JrbApNNgaTdGDITg=
