github.com/Zyko0/purego-gen v0.0.0-20250727121216-3bcd331a1e0c h1:3z1BdpfvUbaP7oXjPabl7STN7zz88S432hZJ8M095kI=
github.com/Zyko0/purego-gen v0.0.0-20250727121216-3bcd331a1e0c/go.mod h1:xpUxPkAb7v0Ffn/NGp1XpD+tZly4dpSPI7DTAFT37es=
github.com/dave/jennifer v1.7.0 h1:uRbSBH9UTS64yXbh4FrMHfgfY762RD+C7bUPKODpSJE=
github.com/dave/jennifer v1.7.0/go.mod h1:nXbxhEmQfOZhWml3D1cDK5M1FLnMSozpbFN/m3RmGZc=
github.com/ebitengine/purego v0.9.0-alpha.2.0.20250124174847-29f0104e3c2b h1:/KAOJuXR4cWaQIiA9xBMDSQJ1JXq5gZHdSK8prrtUqQ=
github.com/ebitengine/purego v0.9.0-alpha.2.0.20250124174847-29f0104e3c2b/go.mod h1:iIjxzd6CiRiOG0UyXP+V1+jWqUXVjPKLAI0mRfJZTmQ=
github.com/go-gl/mathgl v1.2.0 h1:v2eOj/y1B2afDxF6URV1qCYmo1KW08lAMtTbOn3KXCY=
github.com/go-gl/mathgl v1.2.0/go.mod h1:pf9+b5J3LFP7iZ4XXaVzZrCle0Q/vNpB/vDe5+3ulRE=
github.com/lucasb-eyer/go-colorful v1.2.0 h1:1nnpGOrhyZZuNyfu1QjKiUICQ74+3FNCN69Aj6K7nkY=
github.com/lucasb-eyer/go-colorful v1.2.0/go.mod h1:R4dSotOR9KMtayYi1e77YzuveK+i7ruzyGqttikkLy0=
github.com/mdouchement/hdr v0.2.4 h1:k0ojx7smWvWw8En2BjUnb144j48gAExu5mv+ogNrkTc=
github.com/mdouchement/hdr v0.2.4/go.mod h1:uezK2oUhYtoRLkTD0J4ryiOsu/oWLjRXx0I/92mIRmQ=
golang.org/x/image v0.34.0 h1:33gCkyw9hmwbZJeZkct8XyR11yH889EQt/QH4VmXMn8=
golang.org/x/image v0.34.0/go.mod h1:2RNFBZRB+vnwwFil8GkMdRvrJOFd1AzdZI6vOY+eJVU=
golang.org/x/sys v0.7.0 h1:3jlCCIQZPdOYu1h8BkNvLz8Kgwtae2cagcG/VamtZRU=
golang.org/x/sys v0.7.0/go.mod h1:oPkhp1MJrh7nUepCBck5+mAzfO9JrbApNNgaTdGDITg=
